
Microsoft Visual Studio Solution File, Format Version 12.00
# Visual Studio Version 16
VisualStudioVersion = 16.0.30907.101
MinimumVisualStudioVersion = 10.0.40219.1
Project("{FAE04EC0-301F-11D3-BF4B-00C04F79EFBC}") = "EvidencijaSati", "EvidencijaSati\EvidencijaSati.csproj", "{8EEE216B-D474-48AC-96B3-57A4A8048005}"
EndProject
Project("{FAE04EC0-301F-11D3-BF4B-00C04F79EFBC}") = "Report", "Report\Report.csproj", "{E497B155-6CB5-447C-9F96-3B2228A6A9A4}"
EndProject
Global
	GlobalSection(SolutionConfigurationPlatforms) = preSolution
		Debug|Any CPU = Debug|Any CPU
		Release|Any CPU = Release|Any CPU
	EndGlobalSection
	GlobalSection(ProjectConfigurationPlatforms) = postSolution
		{8EEE216B-D474-48AC-96B3-57A4A8048005}.Debug|Any CPU.ActiveCfg = Debug|Any CPU
		{8EEE216B-D474-48AC-96B3-57A4A8048005}.Debug|Any CPU.Build.0 = Debug|Any CPU
		{8EEE216B-D474-48AC-96B3-57A4A8048005}.Release|Any CPU.ActiveCfg = Release|Any CPU
		{8EEE216B-D474-48AC-96B3-57A4A8048005}.Release|Any CPU.Build.0 = Release|Any CPU
		{E497B155-6CB5-447C-9F96-3B2228A6A9A4}.Debug|Any CPU.ActiveCfg = Debug|Any CPU
		{E497B155-6CB5-447C-9F96-3B2228A6A9A4}.Debug|Any CPU.Build.0 = Debug|Any CPU
		{E497B155-6CB5-447C-9F96-3B2228A6A9A4}.Release|Any CPU.ActiveCfg = Release|Any CPU
		{E497B155-6CB5-447C-9F96-3B2228A6A9A4}.Release|Any CPU.Build.0 = Release|Any CPU
	EndGlobalSection
	GlobalSection(SolutionProperties) = preSolution
		HideSolutionNode = FALSE
	EndGlobalSection
	GlobalSection(ExtensibilityGlobals) = postSolution
		SolutionGuid = {75C5A706-8940-4454-ABD6-5828D25B03C4}
	EndGlobalSection
EndGlobal
